
Microsoft Visual Studio Solution File, Format Version 12.00
# Visual Studio 15
VisualStudioVersion = 15.0.28307.645
MinimumVisualStudioVersion = 10.0.40219.1
Project("{FAE04EC0-301F-11D3-BF4B-00C04F79EFBC}") = "ImplementDelegates", "ImplementDelegates\ImplementDelegates.csproj", "{0866BB80-E2F8-4B6C-9A2D-156DE8D03696}"
EndProject
Global
	GlobalSection(SolutionConfigurationPlatforms) = preSolution
		Debug|Any CPU = Debug|Any CPU
		Release|Any CPU = Release|Any CPU
	EndGlobalSection
	GlobalSection(ProjectConfigurationPlatforms) = postSolution
		{0866BB80-E2F8-4B6C-9A2D-156DE8D03696}.Debug|Any CPU.ActiveCfg = Debug|Any CPU
		{0866BB80-E2F8-4B6C-9A2D-156DE8D03696}.Debug|Any CPU.Build.0 = Debug|Any CPU
		{0866BB80-E2F8-4B6C-9A2D-156DE8D03696}.Release|Any CPU.ActiveCfg = Release|Any CPU
		{0866BB80-E2F8-4B6C-9A2D-156DE8D03696}.Release|Any CPU.Build.0 = Release|Any CPU
	EndGlobalSection
	GlobalSection(SolutionProperties) = preSolution
		HideSolutionNode = FALSE
	EndGlobalSection
	GlobalSection(ExtensibilityGlobals) = postSolution
		SolutionGuid = {DF64C265-465D-49DE-9767-887619EF1EC6}
	EndGlobalSection
EndGlobal
